// !$*UTF8*$!
{
	archiveVersion = 1;
	classes = {
	};
	objectVersion = 56;
	objects = {

/* Begin PBXBuildFile section */
		A251236528F45A43006D5919 /* AppDelegate.swift in Sources */ = {isa = PBXBuildFile; fileRef = A251236428F45A43006D5919 /* AppDelegate.swift */; };
		A251236728F45A43006D5919 /* SceneDelegate.swift in Sources */ = {isa = PBXBuildFile; fileRef = A251236628F45A43006D5919 /* SceneDelegate.swift */; };
		A251236928F45A43006D5919 /* ViewController.swift in Sources */ = {isa = PBXBuildFile; fileRef = A251236828F45A43006D5919 /* ViewController.swift */; };
		A251236C28F45A43006D5919 /* Main.storyboard in Resources */ = {isa = PBXBuildFile; fileRef = A251236A28F45A43006D5919 /* Main.storyboard */; };
		A251236E28F45A45006D5919 /* Assets.xcassets in Resources */ = {isa = PBXBuildFile; fileRef = A251236D28F45A45006D5919 /* Assets.xcassets */; };
		A251237128F45A45006D5919 /* LaunchScreen.storyboard in Resources */ = {isa = PBXBuildFile; fileRef = A251236F28F45A45006D5919 /* LaunchScreen.storyboard */; };
		A251237928F462D1006D5919 /* CarsDB.swift in Sources */ = {isa = PBXBuildFile; fileRef = A251237828F462D1006D5919 /* CarsDB.swift */; };
		F87648F9EFBDDD623F8D12DA /* Pods_BasicRealmTableView.framework in Frameworks */ = {isa = PBXBuildFile; fileRef = 23CC675091EB05AD5D1E9BA5 /* Pods_BasicRealmTableView.framework */; };
/* End PBXBuildFile section */

/* Begin PBXFileReference section */
		20A53499F99408B40D12349E /* Pods-BasicRealmTableView.debug.xcconfig */ = {isa = PBXFileReference; includeInIndex = 1; lastKnownFileType = text.xcconfig; name = "Pods-BasicRealmTableView.debug.xcconfig"; path = "Target Support Files/Pods-BasicRealmTableView/Pods-BasicRealmTableView.debug.xcconfig"; sourceTree = "<group>"; };
		23CC675091EB05AD5D1E9BA5 /* Pods_BasicRealmTableView.framework */ = {isa = PBXFileReference; explicitFileType = wrapper.framework; includeInIndex = 0; path = Pods_BasicRealmTableView.framework; sourceTree = BUILT_PRODUCTS_DIR; };
		7E4DE94779F2D30C798AC05E /* Pods-BasicRealmTableView.release.xcconfig */ = {isa = PBXFileReference; includeInIndex = 1; lastKnownFileType = text.xcconfig; name = "Pods-BasicRealmTableView.release.xcconfig"; path = "Target Support Files/Pods-BasicRealmTableView/Pods-BasicRealmTableView.release.xcconfig"; sourceTree = "<group>"; };
		A251236128F45A43006D5919 /* BasicRealmTableView.app */ = {isa = PBXFileReference; explicitFileType = wrapper.application; includeInIndex = 0; path = BasicRealmTableView.app; sourceTree = BUILT_PRODUCTS_DIR; };
		A251236428F45A43006D5919 /* AppDelegate.swift */ = {isa = PBXFileReference; lastKnownFileType = sourcecode.swift; path = AppDelegate.swift; sourceTree = "<group>"; };
		A251236628F45A43006D5919 /* SceneDelegate.swift */ = {isa = PBXFileReference; lastKnownFileType = sourcecode.swift; path = SceneDelegate.swift; sourceTree = "<group>"; };
		A251236828F45A43006D5919 /* ViewController.swift */ = {isa = PBXFileReference; lastKnownFileType = sourcecode.swift; path = ViewController.swift; sourceTree = "<group>"; };
		A251236B28F45A43006D5919 /* Base */ = {isa = PBXFileReference; lastKnownFileType = file.storyboard; name = Base; path = Base.lproj/Main.storyboard; sourceTree = "<group>"; };
		A251236D28F45A45006D5919 /* Assets.xcassets */ = {isa = PBXFileReference; lastKnownFileType = folder.assetcatalog; path = Assets.xcassets; sourceTree = "<group>"; };
		A251237028F45A45006D5919 /* Base */ = {isa = PBXFileReference; lastKnownFileType = file.storyboard; name = Base; path = Base.lproj/LaunchScreen.storyboard; sourceTree = "<group>"; };
		A251237228F45A45006D5919 /* Info.plist */ = {isa = PBXFileReference; lastKnownFileType = text.plist.xml; path = Info.plist; sourceTree = "<group>"; };
		A251237828F462D1006D5919 /* CarsDB.swift */ = {isa = PBXFileReference; lastKnownFileType = sourcecode.swift; path = CarsDB.swift; sourceTree = "<group>"; };
/* End PBXFileReference section */

/* Begin PBXFrameworksBuildPhase section */
		A251235E28F45A43006D5919 /* Frameworks */ = {
			isa = PBXFrameworksBuildPhase;
			buildActionMask = 2147483647;
			files = (
				F87648F9EFBDDD623F8D12DA /* Pods_BasicRealmTableView.framework in Frameworks */,
			);
			runOnlyForDeploymentPostprocessing = 0;
		};
/* End PBXFrameworksBuildPhase section */

/* Begin PBXGroup section */
		197C1850031C6966782EF588 /* Pods */ = {
			isa = PBXGroup;
			children = (
				20A53499F99408B40D12349E /* Pods-BasicRealmTableView.debug.xcconfig */,
				7E4DE94779F2D30C798AC05E /* Pods-BasicRealmTableView.release.xcconfig */,
			);
			path = Pods;
			sourceTree = "<group>";
		};
		4A34B6020F1E427D9DA78400 /* Frameworks */ = {
			isa = PBXGroup;
			children = (
				23CC675091EB05AD5D1E9BA5 /* Pods_BasicRealmTableView.framework */,
			);
			name = Frameworks;
			sourceTree = "<group>";
		};
		A251235828F45A43006D5919 = {
			isa = PBXGroup;
			children = (
				A251236328F45A43006D5919 /* BasicRealmTableView */,
				A251236228F45A43006D5919 /* Products */,
				197C1850031C6966782EF588 /* Pods */,
				4A34B6020F1E427D9DA78400 /* Frameworks */,
			);
			sourceTree = "<group>";
		};
		A251236228F45A43006D5919 /* Products */ = {
			isa = PBXGroup;
			children = (
				A251236128F45A43006D5919 /* BasicRealmTableView.app */,
			);
			name = Products;
			sourceTree = "<group>";
		};
		A251236328F45A43006D5919 /* BasicRealmTableView */ = {
			isa = PBXGroup;
			children = (
				A251236428F45A43006D5919 /* AppDelegate.swift */,
				A251236628F45A43006D5919 /* SceneDelegate.swift */,
				A251236828F45A43006D5919 /* ViewController.swift */,
				A251236A28F45A43006D5919 /* Main.storyboard */,
				A251236D28F45A45006D5919 /* Assets.xcassets */,
				A251236F28F45A45006D5919 /* LaunchScreen.storyboard */,
				A251237228F45A45006D5919 /* Info.plist */,
				A251237828F462D1006D5919 /* CarsDB.swift */,
			);
			path = BasicRealmTableView;
			sourceTree = "<group>";
		};
/* End PBXGroup section */

/* Begin PBXNativeTarget section */
		A251236028F45A43006D5919 /* BasicRealmTableView */ = {
			isa = PBXNativeTarget;
			buildConfigurationList = A251237528F45A45006D5919 /* Build configuration list for PBXNativeTarget "BasicRealmTableView" */;
			buildPhases = (
				7919561940BF674408FE9FD8 /* [CP] Check Pods Manifest.lock */,
				A251235D28F45A43006D5919 /* Sources */,
				A251235E28F45A43006D5919 /* Frameworks */,
				A251235F28F45A43006D5919 /* Resources */,
				CEE7A36A2B3D3D992B4CF5A1 /* [CP] Embed Pods Frameworks */,
			);
			buildRules = (
			);
			dependencies = (
			);
			name = BasicRealmTableView;
			productName = BasicRealmTableView;
			productReference = A251236128F45A43006D5919 /* BasicRealmTableView.app */;
			productType = "com.apple.product-type.application";
		};
/* End PBXNativeTarget section */

/* Begin PBXProject section */
		A251235928F45A43006D5919 /* Project object */ = {
			isa = PBXProject;
			attributes = {
				BuildIndependentTargetsInParallel = 1;
				LastSwiftUpdateCheck = 1400;
				LastUpgradeCheck = 1400;
				TargetAttributes = {
					A251236028F45A43006D5919 = {
						CreatedOnToolsVersion = 14.0.1;
					};
				};
			};
			buildConfigurationList = A251235C28F45A43006D5919 /* Build configuration list for PBXProject "BasicRealmTableView" */;
			compatibilityVersion = "Xcode 14.0";
			developmentRegion = en;
			hasScannedForEncodings = 0;
			knownRegions = (
				en,
				Base,
			);
			mainGroup = A251235828F45A43006D5919;
			productRefGroup = A251236228F45A43006D5919 /* Products */;
			projectDirPath = "";
			projectRoot = "";
			targets = (
				A251236028F45A43006D5919 /* BasicRealmTableView */,
			);
		};
/* End PBXProject section */

/* Begin PBXResourcesBuildPhase section */
		A251235F28F45A43006D5919 /* Resources */ = {
			isa = PBXResourcesBuildPhase;
			buildActionMask = 2147483647;
			files = (
				A251237128F45A45006D5919 /* LaunchScreen.storyboard in Resources */,
				A251236E28F45A45006D5919 /* Assets.xcassets in Resources */,
				A251236C28F45A43006D5919 /* Main.storyboard in Resources */,
			);
			runOnlyForDeploymentPostprocessing = 0;
		};
/* End PBXResourcesBuildPhase section */

/* Begin PBXShellScriptBuildPhase section */
		7919561940BF674408FE9FD8 /* [CP] Check Pods Manifest.lock */ = {
			isa = PBXShellScriptBuildPhase;
			buildActionMask = 2147483647;
			files = (
			);
			inputFileListPaths = (
			);
			inputPaths = (
				"${PODS_PODFILE_DIR_PATH}/Podfile.lock",
				"${PODS_ROOT}/Manifest.lock",
			);
			name = "[CP] Check Pods Manifest.lock";
			outputFileListPaths = (
			);
			outputPaths = (
				"$(DERIVED_FILE_DIR)/Pods-BasicRealmTableView-checkManifestLockResult.txt",
			);
			runOnlyForDeploymentPostprocessing = 0;
			shellPath = /bin/sh;
			shellScript = "diff \"${PODS_PODFILE_DIR_PATH}/Podfile.lock\" \"${PODS_ROOT}/Manifest.lock\" > /dev/null\nif [ $? != 0 ] ; then\n    # print error to STDERR\n    echo \"error: The sandbox is not in sync with the Podfile.lock. Run 'pod install' or update your CocoaPods installation.\" >&2\n    exit 1\nfi\n# This output is used by Xcode 'outputs' to avoid re-running this script phase.\necho \"SUCCESS\" > \"${SCRIPT_OUTPUT_FILE_0}\"\n";
			showEnvVarsInLog = 0;
		};
		CEE7A36A2B3D3D992B4CF5A1 /* [CP] Embed Pods Frameworks */ = {
			isa = PBXShellScriptBuildPhase;
			buildActionMask = 2147483647;
			files = (
			);
			inputFileListPaths = (
				"${PODS_ROOT}/Target Support Files/Pods-BasicRealmTableView/Pods-BasicRealmTableView-frameworks-${CONFIGURATION}-input-files.xcfilelist",
			);
			name = "[CP] Embed Pods Frameworks";
			outputFileListPaths = (
				"${PODS_ROOT}/Target Support Files/Pods-BasicRealmTableView/Pods-BasicRealmTableView-frameworks-${CONFIGURATION}-output-files.xcfilelist",
			);
			runOnlyForDeploymentPostprocessing = 0;
			shellPath = /bin/sh;
			shellScript = "\"${PODS_ROOT}/Target Support Files/Pods-BasicRealmTableView/Pods-BasicRealmTableView-frameworks.sh\"\n";
			showEnvVarsInLog = 0;
		};
/* End PBXShellScriptBuildPhase section */

/* Begin PBXSourcesBuildPhase section */
		A251235D28F45A43006D5919 /* Sources */ = {
			isa = PBXSourcesBuildPhase;
			buildActionMask = 2147483647;
			files = (
				A251236928F45A43006D5919 /* ViewController.swift in Sources */,
				A251236528F45A43006D5919 /* AppDelegate.swift in Sources */,
				A251237928F462D1006D5919 /* CarsDB.swift in Sources */,
				A251236728F45A43006D5919 /* SceneDelegate.swift in Sources */,
			);
			runOnlyForDeploymentPostprocessing = 0;
		};
/* End PBXSourcesBuildPhase section */

/* Begin PBXVariantGroup section */
		A251236A28F45A43006D5919 /* Main.storyboard */ = {
			isa = PBXVariantGroup;
			children = (
				A251236B28F45A43006D5919 /* Base */,
			);
			name = Main.storyboard;
			sourceTree = "<group>";
		};
		A251236F28F45A45006D5919 /* LaunchScreen.storyboard */ = {
			isa = PBXVariantGroup;
			children = (
				A251237028F45A45006D5919 /* Base */,
			);
			name = LaunchScreen.storyboard;
			sourceTree = "<group>";
		};
/* End PBXVariantGroup section */

/* Begin XCBuildConfiguration section */
		A251237328F45A45006D5919 /* Debug */ = {
			isa = XCBuildConfiguration;
			buildSettings = {
				ALWAYS_SEARCH_USER_PATHS = NO;
				CLANG_ANALYZER_NONNULL = YES;
				CLANG_ANALYZER_NUMBER_OBJECT_CONVERSION = YES_AGGRESSIVE;
				CLANG_CXX_LANGUAGE_STANDARD = "gnu++20";
				CLANG_ENABLE_MODULES = YES;
				CLANG_ENABLE_OBJC_ARC = YES;
				CLANG_ENABLE_OBJC_WEAK = YES;
				CLANG_WARN_BLOCK_CAPTURE_AUTORELEASING = YES;
				CLANG_WARN_BOOL_CONVERSION = YES;
				CLANG_WARN_COMMA = YES;
				CLANG_WARN_CONSTANT_CONVERSION = YES;
				CLANG_WARN_DEPRECATED_OBJC_IMPLEMENTATIONS = YES;
				CLANG_WARN_DIRECT_OBJC_ISA_USAGE = YES_ERROR;
				CLANG_WARN_DOCUMENTATION_COMMENTS = YES;
				CLANG_WARN_EMPTY_BODY = YES;
				CLANG_WARN_ENUM_CONVERSION = YES;
				CLANG_WARN_INFINITE_RECURSION = YES;
				CLANG_WARN_INT_CONVERSION = YES;
				CLANG_WARN_NON_LITERAL_NULL_CONVERSION = YES;
				CLANG_WARN_OBJC_IMPLICIT_RETAIN_SELF = YES;
				CLANG_WARN_OBJC_LITERAL_CONVERSION = YES;
				CLANG_WARN_OBJC_ROOT_CLASS = YES_ERROR;
				CLANG_WARN_QUOTED_INCLUDE_IN_FRAMEWORK_HEADER = YES;
				CLANG_WARN_RANGE_LOOP_ANALYSIS = YES;
				CLANG_WARN_STRICT_PROTOTYPES = YES;
				CLANG_WARN_SUSPICIOUS_MOVE = YES;
				CLANG_WARN_UNGUARDED_AVAILABILITY = YES_AGGRESSIVE;
				CLANG_WARN_UNREACHABLE_CODE = YES;
				CLANG_WARN__DUPLICATE_METHOD_MATCH = YES;
				COPY_PHASE_STRIP = NO;
				DEBUG_INFORMATION_FORMAT = dwarf;
				ENABLE_STRICT_OBJC_MSGSEND = YES;
				ENABLE_TESTABILITY = YES;
				GCC_C_LANGUAGE_STANDARD = gnu11;
				GCC_DYNAMIC_NO_PIC = NO;
				GCC_NO_COMMON_BLOCKS = YES;
				GCC_OPTIMIZATION_LEVEL = 0;
				GCC_PREPROCESSOR_DEFINITIONS = (
					"DEBUG=1",
					"$(inherited)",
				);
				GCC_WARN_64_TO_32_BIT_CONVERSION = YES;
				GCC_WARN_ABOUT_RETURN_TYPE = YES_ERROR;
				GCC_WARN_UNDECLARED_SELECTOR = YES;
				GCC_WARN_UNINITIALIZED_AUTOS = YES_AGGRESSIVE;
				GCC_WARN_UNUSED_FUNCTION = YES;
				GCC_WARN_UNUSED_VARIABLE = YES;
				IPHONEOS_DEPLOYMENT_TARGET = 12.0;
				MTL_ENABLE_DEBUG_INFO = INCLUDE_SOURCE;
				MTL_FAST_MATH = YES;
				ONLY_ACTIVE_ARCH = YES;
				SDKROOT = iphoneos;
				SWIFT_ACTIVE_COMPILATION_CONDITIONS = DEBUG;
				SWIFT_OPTIMIZATION_LEVEL = "-Onone";
			};
			name = Debug;
		};
		A251237428F45A45006D5919 /* Release */ = {
			isa = XCBuildConfiguration;
			buildSettings = {
				ALWAYS_SEARCH_USER_PATHS = NO;
				CLANG_ANALYZER_NONNULL = YES;
				CLANG_ANALYZER_NUMBER_OBJECT_CONVERSION = YES_AGGRESSIVE;
				CLANG_CXX_LANGUAGE_STANDARD = "gnu++20";
				CLANG_ENABLE_MODULES = YES;
				CLANG_ENABLE_OBJC_ARC = YES;
				CLANG_ENABLE_OBJC_WEAK = YES;
				CLANG_WARN_BLOCK_CAPTURE_AUTORELEASING = YES;
				CLANG_WARN_BOOL_CONVERSION = YES;
				CLANG_WARN_COMMA = YES;
				CLANG_WARN_CONSTANT_CONVERSION = YES;
				CLANG_WARN_DEPRECATED_OBJC_IMPLEMENTATIONS = YES;
				CLANG_WARN_DIRECT_OBJC_ISA_USAGE = YES_ERROR;
				CLANG_WARN_DOCUMENTATION_COMMENTS = YES;
				CLANG_WARN_EMPTY_BODY = YES;
				CLANG_WARN_ENUM_CONVERSION = YES;
				CLANG_WARN_INFINITE_RECURSION = YES;
				CLANG_WARN_INT_CONVERSION = YES;
				CLANG_WARN_NON_LITERAL_NULL_CONVERSION = YES;
				CLANG_WARN_OBJC_IMPLICIT_RETAIN_SELF = YES;
				CLANG_WARN_OBJC_LITERAL_CONVERSION = YES;
				CLANG_WARN_OBJC_ROOT_CLASS = YES_ERROR;
				CLANG_WARN_QUOTED_INCLUDE_IN_FRAMEWORK_HEADER = YES;
				CLANG_WARN_RANGE_LOOP_ANALYSIS = YES;
				CLANG_WARN_STRICT_PROTOTYPES = YES;
				CLANG_WARN_SUSPICIOUS_MOVE = YES;
				CLANG_WARN_UNGUARDED_AVAILABILITY = YES_AGGRESSIVE;
				CLANG_WARN_UNREACHABLE_CODE = YES;
				CLANG_WARN__DUPLICATE_METHOD_MATCH = YES;
				COPY_PHASE_STRIP = NO;
				DEBUG_INFORMATION_FORMAT = "dwarf-with-dsym";
				ENABLE_NS_ASSERTIONS = NO;
				ENABLE_STRICT_OBJC_MSGSEND = YES;
				GCC_C_LANGUAGE_STANDARD = gnu11;
				GCC_NO_COMMON_BLOCKS = YES;
				GCC_WARN_64_TO_32_BIT_CONVERSION = YES;
				GCC_WARN_ABOUT_RETURN_TYPE = YES_ERROR;
				GCC_WARN_UNDECLARED_SELECTOR = YES;
				GCC_WARN_UNINITIALIZED_AUTOS = YES_AGGRESSIVE;
				GCC_WARN_UNUSED_FUNCTION = YES;
				GCC_WARN_UNUSED_VARIABLE = YES;
				IPHONEOS_DEPLOYMENT_TARGET = 12.0;
				MTL_ENABLE_DEBUG_INFO = NO;
				MTL_FAST_MATH = YES;
				SDKROOT = iphoneos;
				SWIFT_COMPILATION_MODE = wholemodule;
				SWIFT_OPTIMIZATION_LEVEL = "-O";
				VALIDATE_PRODUCT = YES;
			};
			name = Release;
		};
		A251237628F45A45006D5919 /* Debug */ = {
			isa = XCBuildConfiguration;
			baseConfigurationReference = 20A53499F99408B40D12349E /* Pods-BasicRealmTableView.debug.xcconfig */;
			buildSettings = {
				ASSETCATALOG_COMPILER_APPICON_NAME = AppIcon;
				ASSETCATALOG_COMPILER_GLOBAL_ACCENT_COLOR_NAME = AccentColor;
				CODE_SIGN_STYLE = Automatic;
				CURRENT_PROJECT_VERSION = 1;
				DEVELOPMENT_TEAM = K6MJRTR79T;
				GENERATE_INFOPLIST_FILE = YES;
				INFOPLIST_FILE = BasicRealmTableView/Info.plist;
				INFOPLIST_KEY_UIApplicationSupportsIndirectInputEvents = YES;
				INFOPLIST_KEY_UILaunchStoryboardName = LaunchScreen;
				INFOPLIST_KEY_UIMainStoryboardFile = Main;
				INFOPLIST_KEY_UISupportedInterfaceOrientations_iPad = "UIInterfaceOrientationPortrait UIInterfaceOrientationPortraitUpsideDown UIInterfaceOrientationLandscapeLeft UIInterfaceOrientationLandscapeRight";
				INFOPLIST_KEY_UISupportedInterfaceOrientations_iPhone = "UIInterfaceOrientationPortrait UIInterfaceOrientationLandscapeLeft UIInterfaceOrientationLandscapeRight";
				IPHONEOS_DEPLOYMENT_TARGET = 12.0;
				LD_RUNPATH_SEARCH_PATHS = (
					"$(inherited)",
					"@executable_path/Frameworks",
				);
				MARKETING_VERSION = 1.0;
				PRODUCT_BUNDLE_IDENTIFIER = co.omnithink.BasicRealmTableView;
				PRODUCT_NAME = "$(TARGET_NAME)";
				SWIFT_EMIT_LOC_STRINGS = YES;
				SWIFT_VERSION = 5.0;
				TARGETED_DEVICE_FAMILY = "1,2";
			};
			name = Debug;
		};
		A251237728F45A45006D5919 /* Release */ = {
			isa = XCBuildConfiguration;
			baseConfigurationReference = 7E4DE94779F2D30C798AC05E /* Pods-BasicRealmTableView.release.xcconfig */;
			buildSettings = {
				ASSETCATALOG_COMPILER_APPICON_NAME = AppIcon;
				ASSETCATALOG_COMPILER_GLOBAL_ACCENT_COLOR_NAME = AccentColor;
				CODE_SIGN_STYLE = Automatic;
				CURRENT_PROJECT_VERSION = 1;
				DEVELOPMENT_TEAM = K6MJRTR79T;
				GENERATE_INFOPLIST_FILE = YES;
				INFOPLIST_FILE = BasicRealmTableView/Info.plist;
				INFOPLIST_KEY_UIApplicationSupportsIndirectInputEvents = YES;
				INFOPLIST_KEY_UILaunchStoryboardName = LaunchScreen;
				INFOPLIST_KEY_UIMainStoryboardFile = Main;
				INFOPLIST_KEY_UISupportedInterfaceOrientations_iPad = "UIInterfaceOrientationPortrait UIInterfaceOrientationPortraitUpsideDown UIInterfaceOrientationLandscapeLeft UIInterfaceOrientationLandscapeRight";
				INFOPLIST_KEY_UISupportedInterfaceOrientations_iPhone = "UIInterfaceOrientationPortrait UIInterfaceOrientationLandscapeLeft UIInterfaceOrientationLandscapeRight";
				IPHONEOS_DEPLOYMENT_TARGET = 12.0;
				LD_RUNPATH_SEARCH_PATHS = (
					"$(inherited)",
					"@executable_path/Frameworks",
				);
				MARKETING_VERSION = 1.0;
				PRODUCT_BUNDLE_IDENTIFIER = co.omnithink.BasicRealmTableView;
				PRODUCT_NAME = "$(TARGET_NAME)";
				SWIFT_EMIT_LOC_STRINGS = YES;
				SWIFT_VERSION = 5.0;
				TARGETED_DEVICE_FAMILY = "1,2";
			};
			name = Release;
		};
/* End XCBuildConfiguration section */

/* Begin XCConfigurationList section */
		A251235C28F45A43006D5919 /* Build configuration list for PBXProject "BasicRealmTableView" */ = {
			isa = XCConfigurationList;
			buildConfigurations = (
				A251237328F45A45006D5919 /* Debug */,
				A251237428F45A45006D5919 /* Release */,
			);
			defaultConfigurationIsVisible = 0;
			defaultConfigurationName = Release;
		};
		A251237528F45A45006D5919 /* Build configuration list for PBXNativeTarget "BasicRealmTableView" */ = {
			isa = XCConfigurationList;
			buildConfigurations = (
				A251237628F45A45006D5919 /* Debug */,
				A251237728F45A45006D5919 /* Release */,
			);
			defaultConfigurationIsVisible = 0;
			defaultConfigurationName = Release;
		};
/* End XCConfigurationList section */
	};
	rootObject = A251235928F45A43006D5919 /* Project object */;
}
